// !$*UTF8*$!
{
	archiveVersion = 1;
	classes = {
	};
	objectVersion = 51;
	objects = {

/* Begin PBXBuildFile section */
		2644E3342375FBC700C94D95 /* ApiClient.swift in Sources */ = {isa = PBXBuildFile; fileRef = 2644E3332375FBC700C94D95 /* ApiClient.swift */; };
		2644E33E2376007500C94D95 /* LabeledLatLngs.swift in Sources */ = {isa = PBXBuildFile; fileRef = 2644E3382376007400C94D95 /* LabeledLatLngs.swift */; };
		2644E33F2376007500C94D95 /* Location.swift in Sources */ = {isa = PBXBuildFile; fileRef = 2644E3392376007400C94D95 /* Location.swift */; };
		2644E3402376007500C94D95 /* Icon.swift in Sources */ = {isa = PBXBuildFile; fileRef = 2644E33A2376007400C94D95 /* Icon.swift */; };
		2644E3412376007500C94D95 /* Json4Swift_Base.swift in Sources */ = {isa = PBXBuildFile; fileRef = 2644E33B2376007500C94D95 /* Json4Swift_Base.swift */; };
		2644E3422376007500C94D95 /* Categories.swift in Sources */ = {isa = PBXBuildFile; fileRef = 2644E33C2376007500C94D95 /* Categories.swift */; };
		2644E3442376033800C94D95 /* Environments.swift in Sources */ = {isa = PBXBuildFile; fileRef = 2644E3432376033800C94D95 /* Environments.swift */; };
		2644E3462376132B00C94D95 /* VenueViewModel.swift in Sources */ = {isa = PBXBuildFile; fileRef = 2644E3452376132B00C94D95 /* VenueViewModel.swift */; };
		2644E34E2376214300C94D95 /* Bindable.swift in Sources */ = {isa = PBXBuildFile; fileRef = 2644E34D2376214300C94D95 /* Bindable.swift */; };
		2644E3562376315400C94D95 /* Response.swift in Sources */ = {isa = PBXBuildFile; fileRef = 2644E3552376315400C94D95 /* Response.swift */; };
		2644E3582376331300C94D95 /* Venue.swift in Sources */ = {isa = PBXBuildFile; fileRef = 2644E3572376331300C94D95 /* Venue.swift */; };
		2644E35A2376C08F00C94D95 /* MapView.swift in Sources */ = {isa = PBXBuildFile; fileRef = 2644E3592376C08F00C94D95 /* MapView.swift */; };
		268782C22376CB47009CA443 /* MapViewController.swift in Sources */ = {isa = PBXBuildFile; fileRef = 268782C12376CB47009CA443 /* MapViewController.swift */; };
		26970EC02375EF3200BE6961 /* AppDelegate.swift in Sources */ = {isa = PBXBuildFile; fileRef = 26970EBF2375EF3200BE6961 /* AppDelegate.swift */; };
		26970EC22375EF3200BE6961 /* SceneDelegate.swift in Sources */ = {isa = PBXBuildFile; fileRef = 26970EC12375EF3200BE6961 /* SceneDelegate.swift */; };
		26970EC72375EF3200BE6961 /* Main.storyboard in Resources */ = {isa = PBXBuildFile; fileRef = 26970EC52375EF3200BE6961 /* Main.storyboard */; };
		26970ECA2375EF3200BE6961 /* Dott_test.xcdatamodeld in Sources */ = {isa = PBXBuildFile; fileRef = 26970EC82375EF3200BE6961 /* Dott_test.xcdatamodeld */; };
		26970ECC2375EF3800BE6961 /* Assets.xcassets in Resources */ = {isa = PBXBuildFile; fileRef = 26970ECB2375EF3800BE6961 /* Assets.xcassets */; };
		26970ECF2375EF3800BE6961 /* LaunchScreen.storyboard in Resources */ = {isa = PBXBuildFile; fileRef = 26970ECD2375EF3800BE6961 /* LaunchScreen.storyboard */; };
		26970EDA2375EF3800BE6961 /* Dott_testTests.swift in Sources */ = {isa = PBXBuildFile; fileRef = 26970ED92375EF3800BE6961 /* Dott_testTests.swift */; };
		26970EE52375EF3800BE6961 /* Dott_testUITests.swift in Sources */ = {isa = PBXBuildFile; fileRef = 26970EE42375EF3800BE6961 /* Dott_testUITests.swift */; };
		26AB049123789A460082EAD6 /* DateExtension.swift in Sources */ = {isa = PBXBuildFile; fileRef = 26AB049023789A450082EAD6 /* DateExtension.swift */; };
		26AB049323789F080082EAD6 /* MarkerInfoWindow.xib in Resources */ = {isa = PBXBuildFile; fileRef = 26AB049223789F080082EAD6 /* MarkerInfoWindow.xib */; };
		26AB049523789F730082EAD6 /* CustomInfoWindow.swift in Sources */ = {isa = PBXBuildFile; fileRef = 26AB049423789F730082EAD6 /* CustomInfoWindow.swift */; };
		26AB04972378D2BB0082EAD6 /* StringExtension.swift in Sources */ = {isa = PBXBuildFile; fileRef = 26AB04962378D2BB0082EAD6 /* StringExtension.swift */; };
		26AB04992378E4250082EAD6 /* ResponseTests.swift in Sources */ = {isa = PBXBuildFile; fileRef = 26AB04982378E4250082EAD6 /* ResponseTests.swift */; };
		E16A3F56E9A9FE4F87A760C6 /* Pods_Dott_test.framework in Frameworks */ = {isa = PBXBuildFile; fileRef = 3B8C0D7E93C8EDD84609660E /* Pods_Dott_test.framework */; };
		EF895E7E98753B01C0257D26 /* Pods_Dott_testTests.framework in Frameworks */ = {isa = PBXBuildFile; fileRef = CD3CDBAA783A3A1AA254B1CB /* Pods_Dott_testTests.framework */; };
/* End PBXBuildFile section */

/* Begin PBXContainerItemProxy section */
		26970ED62375EF3800BE6961 /* PBXContainerItemProxy */ = {
			isa = PBXContainerItemProxy;
			containerPortal = 26970EB42375EF3200BE6961 /* Project object */;
			proxyType = 1;
			remoteGlobalIDString = 26970EBB2375EF3200BE6961;
			remoteInfo = "Dott-test";
		};
		26970EE12375EF3800BE6961 /* PBXContainerItemProxy */ = {
			isa = PBXContainerItemProxy;
			containerPortal = 26970EB42375EF3200BE6961 /* Project object */;
			proxyType = 1;
			remoteGlobalIDString = 26970EBB2375EF3200BE6961;
			remoteInfo = "Dott-test";
		};
/* End PBXContainerItemProxy section */

/* Begin PBXFileReference section */
		2644E3332375FBC700C94D95 /* ApiClient.swift */ = {isa = PBXFileReference; lastKnownFileType = sourcecode.swift; path = ApiClient.swift; sourceTree = "<group>"; };
		2644E3382376007400C94D95 /* LabeledLatLngs.swift */ = {isa = PBXFileReference; fileEncoding = 4; lastKnownFileType = sourcecode.swift; path = LabeledLatLngs.swift; sourceTree = "<group>"; };
		2644E3392376007400C94D95 /* Location.swift */ = {isa = PBXFileReference; fileEncoding = 4; lastKnownFileType = sourcecode.swift; path = Location.swift; sourceTree = "<group>"; };
		2644E33A2376007400C94D95 /* Icon.swift */ = {isa = PBXFileReference; fileEncoding = 4; lastKnownFileType = sourcecode.swift; path = Icon.swift; sourceTree = "<group>"; };
		2644E33B2376007500C94D95 /* Json4Swift_Base.swift */ = {isa = PBXFileReference; fileEncoding = 4; lastKnownFileType = sourcecode.swift; path = Json4Swift_Base.swift; sourceTree = "<group>"; };
		2644E33C2376007500C94D95 /* Categories.swift */ = {isa = PBXFileReference; fileEncoding = 4; lastKnownFileType = sourcecode.swift; path = Categories.swift; sourceTree = "<group>"; };
		2644E3432376033800C94D95 /* Environments.swift */ = {isa = PBXFileReference; lastKnownFileType = sourcecode.swift; path = Environments.swift; sourceTree = "<group>"; };
		2644E3452376132B00C94D95 /* VenueViewModel.swift */ = {isa = PBXFileReference; lastKnownFileType = sourcecode.swift; path = VenueViewModel.swift; sourceTree = "<group>"; };
		2644E34D2376214300C94D95 /* Bindable.swift */ = {isa = PBXFileReference; lastKnownFileType = sourcecode.swift; path = Bindable.swift; sourceTree = "<group>"; };
		2644E3552376315400C94D95 /* Response.swift */ = {isa = PBXFileReference; lastKnownFileType = sourcecode.swift; path = Response.swift; sourceTree = "<group>"; };
		2644E3572376331300C94D95 /* Venue.swift */ = {isa = PBXFileReference; fileEncoding = 4; lastKnownFileType = sourcecode.swift; path = Venue.swift; sourceTree = "<group>"; };
		2644E3592376C08F00C94D95 /* MapView.swift */ = {isa = PBXFileReference; lastKnownFileType = sourcecode.swift; path = MapView.swift; sourceTree = "<group>"; };
		268782C12376CB47009CA443 /* MapViewController.swift */ = {isa = PBXFileReference; lastKnownFileType = sourcecode.swift; path = MapViewController.swift; sourceTree = "<group>"; };
		26970EBC2375EF3200BE6961 /* Dott-test.app */ = {isa = PBXFileReference; explicitFileType = wrapper.application; includeInIndex = 0; path = "Dott-test.app"; sourceTree = BUILT_PRODUCTS_DIR; };
		26970EBF2375EF3200BE6961 /* AppDelegate.swift */ = {isa = PBXFileReference; lastKnownFileType = sourcecode.swift; path = AppDelegate.swift; sourceTree = "<group>"; };
		26970EC12375EF3200BE6961 /* SceneDelegate.swift */ = {isa = PBXFileReference; lastKnownFileType = sourcecode.swift; path = SceneDelegate.swift; sourceTree = "<group>"; };
		26970EC62375EF3200BE6961 /* Base */ = {isa = PBXFileReference; lastKnownFileType = file.storyboard; name = Base; path = Base.lproj/Main.storyboard; sourceTree = "<group>"; };
		26970EC92375EF3200BE6961 /* Dott_test.xcdatamodel */ = {isa = PBXFileReference; lastKnownFileType = wrapper.xcdatamodel; path = Dott_test.xcdatamodel; sourceTree = "<group>"; };
		26970ECB2375EF3800BE6961 /* Assets.xcassets */ = {isa = PBXFileReference; lastKnownFileType = folder.assetcatalog; path = Assets.xcassets; sourceTree = "<group>"; };
		26970ECE2375EF3800BE6961 /* Base */ = {isa = PBXFileReference; lastKnownFileType = file.storyboard; name = Base; path = Base.lproj/LaunchScreen.storyboard; sourceTree = "<group>"; };
		26970ED02375EF3800BE6961 /* Info.plist */ = {isa = PBXFileReference; lastKnownFileType = text.plist.xml; path = Info.plist; sourceTree = "<group>"; };
		26970ED52375EF3800BE6961 /* Dott-testTests.xctest */ = {isa = PBXFileReference; explicitFileType = wrapper.cfbundle; includeInIndex = 0; path = "Dott-testTests.xctest"; sourceTree = BUILT_PRODUCTS_DIR; };
		26970ED92375EF3800BE6961 /* Dott_testTests.swift */ = {isa = PBXFileReference; lastKnownFileType = sourcecode.swift; path = Dott_testTests.swift; sourceTree = "<group>"; };
		26970EDB2375EF3800BE6961 /* Info.plist */ = {isa = PBXFileReference; lastKnownFileType = text.plist.xml; path = Info.plist; sourceTree = "<group>"; };
		26970EE02375EF3800BE6961 /* Dott-testUITests.xctest */ = {isa = PBXFileReference; explicitFileType = wrapper.cfbundle; includeInIndex = 0; path = "Dott-testUITests.xctest"; sourceTree = BUILT_PRODUCTS_DIR; };
		26970EE42375EF3800BE6961 /* Dott_testUITests.swift */ = {isa = PBXFileReference; lastKnownFileType = sourcecode.swift; path = Dott_testUITests.swift; sourceTree = "<group>"; };
		26970EE62375EF3800BE6961 /* Info.plist */ = {isa = PBXFileReference; lastKnownFileType = text.plist.xml; path = Info.plist; sourceTree = "<group>"; };
		26AB049023789A450082EAD6 /* DateExtension.swift */ = {isa = PBXFileReference; lastKnownFileType = sourcecode.swift; path = DateExtension.swift; sourceTree = "<group>"; };
		26AB049223789F080082EAD6 /* MarkerInfoWindow.xib */ = {isa = PBXFileReference; lastKnownFileType = file.xib; path = MarkerInfoWindow.xib; sourceTree = "<group>"; };
		26AB049423789F730082EAD6 /* CustomInfoWindow.swift */ = {isa = PBXFileReference; lastKnownFileType = sourcecode.swift; path = CustomInfoWindow.swift; sourceTree = "<group>"; };
		26AB04962378D2BB0082EAD6 /* StringExtension.swift */ = {isa = PBXFileReference; lastKnownFileType = sourcecode.swift; path = StringExtension.swift; sourceTree = "<group>"; };
		26AB04982378E4250082EAD6 /* ResponseTests.swift */ = {isa = PBXFileReference; lastKnownFileType = sourcecode.swift; path = ResponseTests.swift; sourceTree = "<group>"; };
		3B8C0D7E93C8EDD84609660E /* Pods_Dott_test.framework */ = {isa = PBXFileReference; explicitFileType = wrapper.framework; includeInIndex = 0; path = Pods_Dott_test.framework; sourceTree = BUILT_PRODUCTS_DIR; };
		4325FAF3C89E139C01EFD48E /* Pods-Dott-testTests.release.xcconfig */ = {isa = PBXFileReference; includeInIndex = 1; lastKnownFileType = text.xcconfig; name = "Pods-Dott-testTests.release.xcconfig"; path = "Target Support Files/Pods-Dott-testTests/Pods-Dott-testTests.release.xcconfig"; sourceTree = "<group>"; };
		5F3AE7B9EBED06386D550B6B /* Pods-Dott-test.debug.xcconfig */ = {isa = PBXFileReference; includeInIndex = 1; lastKnownFileType = text.xcconfig; name = "Pods-Dott-test.debug.xcconfig"; path = "Target Support Files/Pods-Dott-test/Pods-Dott-test.debug.xcconfig"; sourceTree = "<group>"; };
		68AA8CD8EEAEEE98C5B209F8 /* Pods-Dott-testTests.debug.xcconfig */ = {isa = PBXFileReference; includeInIndex = 1; lastKnownFileType = text.xcconfig; name = "Pods-Dott-testTests.debug.xcconfig"; path = "Target Support Files/Pods-Dott-testTests/Pods-Dott-testTests.debug.xcconfig"; sourceTree = "<group>"; };
		C0B96A7613EDD596672CE4EA /* Pods-Dott-test.release.xcconfig */ = {isa = PBXFileReference; includeInIndex = 1; lastKnownFileType = text.xcconfig; name = "Pods-Dott-test.release.xcconfig"; path = "Target Support Files/Pods-Dott-test/Pods-Dott-test.release.xcconfig"; sourceTree = "<group>"; };
		CD3CDBAA783A3A1AA254B1CB /* Pods_Dott_testTests.framework */ = {isa = PBXFileReference; explicitFileType = wrapper.framework; includeInIndex = 0; path = Pods_Dott_testTests.framework; sourceTree = BUILT_PRODUCTS_DIR; };
/* End PBXFileReference section */

/* Begin PBXFrameworksBuildPhase section */
		26970EB92375EF3200BE6961 /* Frameworks */ = {
			isa = PBXFrameworksBuildPhase;
			buildActionMask = 2147483647;
			files = (
				E16A3F56E9A9FE4F87A760C6 /* Pods_Dott_test.framework in Frameworks */,
			);
			runOnlyForDeploymentPostprocessing = 0;
		};
		26970ED22375EF3800BE6961 /* Frameworks */ = {
			isa = PBXFrameworksBuildPhase;
			buildActionMask = 2147483647;
			files = (
				EF895E7E98753B01C0257D26 /* Pods_Dott_testTests.framework in Frameworks */,
			);
			runOnlyForDeploymentPostprocessing = 0;
		};
		26970EDD2375EF3800BE6961 /* Frameworks */ = {
			isa = PBXFrameworksBuildPhase;
			buildActionMask = 2147483647;
			files = (
			);
			runOnlyForDeploymentPostprocessing = 0;
		};
/* End PBXFrameworksBuildPhase section */

/* Begin PBXGroup section */
		08C9B98B8CACCD2491CC2982 /* Pods */ = {
			isa = PBXGroup;
			children = (
				5F3AE7B9EBED06386D550B6B /* Pods-Dott-test.debug.xcconfig */,
				C0B96A7613EDD596672CE4EA /* Pods-Dott-test.release.xcconfig */,
				68AA8CD8EEAEEE98C5B209F8 /* Pods-Dott-testTests.debug.xcconfig */,
				4325FAF3C89E139C01EFD48E /* Pods-Dott-testTests.release.xcconfig */,
			);
			path = Pods;
			sourceTree = "<group>";
		};
		2644E32C2375F6EA00C94D95 /* Exentsions */ = {
			isa = PBXGroup;
			children = (
				26AB049023789A450082EAD6 /* DateExtension.swift */,
				26AB04962378D2BB0082EAD6 /* StringExtension.swift */,
			);
			path = Exentsions;
			sourceTree = "<group>";
		};
		2644E32D2375F6F600C94D95 /* Helpers */ = {
			isa = PBXGroup;
			children = (
				2644E3432376033800C94D95 /* Environments.swift */,
				2644E34D2376214300C94D95 /* Bindable.swift */,
			);
			path = Helpers;
			sourceTree = "<group>";
		};
		2644E32E2375F71400C94D95 /* Model */ = {
			isa = PBXGroup;
			children = (
				2644E33C2376007500C94D95 /* Categories.swift */,
				2644E33A2376007400C94D95 /* Icon.swift */,
				2644E33B2376007500C94D95 /* Json4Swift_Base.swift */,
				2644E3382376007400C94D95 /* LabeledLatLngs.swift */,
				2644E3392376007400C94D95 /* Location.swift */,
				2644E3572376331300C94D95 /* Venue.swift */,
				2644E3552376315400C94D95 /* Response.swift */,
			);
			path = Model;
			sourceTree = "<group>";
		};
		2644E32F2375F71E00C94D95 /* Service */ = {
			isa = PBXGroup;
			children = (
				2644E3332375FBC700C94D95 /* ApiClient.swift */,
			);
			path = Service;
			sourceTree = "<group>";
		};
		2644E3302375F72E00C94D95 /* View */ = {
			isa = PBXGroup;
			children = (
				2644E3592376C08F00C94D95 /* MapView.swift */,
				26AB049223789F080082EAD6 /* MarkerInfoWindow.xib */,
				26AB049423789F730082EAD6 /* CustomInfoWindow.swift */,
			);
			path = View;
			sourceTree = "<group>";
		};
		2644E3312375F73500C94D95 /* ViewController */ = {
			isa = PBXGroup;
			children = (
				268782C12376CB47009CA443 /* MapViewController.swift */,
			);
			path = ViewController;
			sourceTree = "<group>";
		};
		2644E3322375F74600C94D95 /* ViewModel */ = {
			isa = PBXGroup;
			children = (
				2644E3452376132B00C94D95 /* VenueViewModel.swift */,
			);
			path = ViewModel;
			sourceTree = "<group>";
		};
		26970EB32375EF3200BE6961 = {
			isa = PBXGroup;
			children = (
				26970EBE2375EF3200BE6961 /* Dott-test */,
				26970ED82375EF3800BE6961 /* Dott-testTests */,
				26970EE32375EF3800BE6961 /* Dott-testUITests */,
				26970EBD2375EF3200BE6961 /* Products */,
				08C9B98B8CACCD2491CC2982 /* Pods */,
				AA1FC4C4D91A95843B5D391C /* Frameworks */,
			);
			sourceTree = "<group>";
		};
		26970EBD2375EF3200BE6961 /* Products */ = {
			isa = PBXGroup;
			children = (
				26970EBC2375EF3200BE6961 /* Dott-test.app */,
				26970ED52375EF3800BE6961 /* Dott-testTests.xctest */,
				26970EE02375EF3800BE6961 /* Dott-testUITests.xctest */,
			);
			name = Products;
			sourceTree = "<group>";
		};
		26970EBE2375EF3200BE6961 /* Dott-test */ = {
			isa = PBXGroup;
			children = (
				2644E3322375F74600C94D95 /* ViewModel */,
				2644E3312375F73500C94D95 /* ViewController */,
				2644E3302375F72E00C94D95 /* View */,
				2644E32F2375F71E00C94D95 /* Service */,
				2644E32E2375F71400C94D95 /* Model */,
				2644E32D2375F6F600C94D95 /* Helpers */,
				2644E32C2375F6EA00C94D95 /* Exentsions */,
				26970EBF2375EF3200BE6961 /* AppDelegate.swift */,
				26970EC12375EF3200BE6961 /* SceneDelegate.swift */,
				26970EC52375EF3200BE6961 /* Main.storyboard */,
				26970ECB2375EF3800BE6961 /* Assets.xcassets */,
				26970ECD2375EF3800BE6961 /* LaunchScreen.storyboard */,
				26970ED02375EF3800BE6961 /* Info.plist */,
				26970EC82375EF3200BE6961 /* Dott_test.xcdatamodeld */,
			);
			path = "Dott-test";
			sourceTree = "<group>";
		};
		26970ED82375EF3800BE6961 /* Dott-testTests */ = {
			isa = PBXGroup;
			children = (
				26970ED92375EF3800BE6961 /* Dott_testTests.swift */,
				26AB04982378E4250082EAD6 /* ResponseTests.swift */,
				26970EDB2375EF3800BE6961 /* Info.plist */,
			);
			path = "Dott-testTests";
			sourceTree = "<group>";
		};
		26970EE32375EF3800BE6961 /* Dott-testUITests */ = {
			isa = PBXGroup;
			children = (
				26970EE42375EF3800BE6961 /* Dott_testUITests.swift */,
				26970EE62375EF3800BE6961 /* Info.plist */,
			);
			path = "Dott-testUITests";
			sourceTree = "<group>";
		};
		AA1FC4C4D91A95843B5D391C /* Frameworks */ = {
			isa = PBXGroup;
			children = (
				3B8C0D7E93C8EDD84609660E /* Pods_Dott_test.framework */,
				CD3CDBAA783A3A1AA254B1CB /* Pods_Dott_testTests.framework */,
			);
			name = Frameworks;
			sourceTree = "<group>";
		};
/* End PBXGroup section */

/* Begin PBXNativeTarget section */
		26970EBB2375EF3200BE6961 /* Dott-test */ = {
			isa = PBXNativeTarget;
			buildConfigurationList = 26970EE92375EF3800BE6961 /* Build configuration list for PBXNativeTarget "Dott-test" */;
			buildPhases = (
				BB6D6BEB4EE826D1DDC869DA /* [CP] Check Pods Manifest.lock */,
				26970EB82375EF3200BE6961 /* Sources */,
				26970EB92375EF3200BE6961 /* Frameworks */,
				26970EBA2375EF3200BE6961 /* Resources */,
				06D6CE9EB4F91F9128EE8AF9 /* [CP] Embed Pods Frameworks */,
				960000518F7BA2EA222F2775 /* [CP] Copy Pods Resources */,
			);
			buildRules = (
			);
			dependencies = (
			);
			name = "Dott-test";
			productName = "Dott-test";
			productReference = 26970EBC2375EF3200BE6961 /* Dott-test.app */;
			productType = "com.apple.product-type.application";
		};
		26970ED42375EF3800BE6961 /* Dott-testTests */ = {
			isa = PBXNativeTarget;
			buildConfigurationList = 26970EEC2375EF3800BE6961 /* Build configuration list for PBXNativeTarget "Dott-testTests" */;
			buildPhases = (
				A45D73C09B071EB9582EB984 /* [CP] Check Pods Manifest.lock */,
				26970ED12375EF3800BE6961 /* Sources */,
				26970ED22375EF3800BE6961 /* Frameworks */,
				26970ED32375EF3800BE6961 /* Resources */,
				3713F0EA5D8AAFA1ED5A837C /* [CP] Embed Pods Frameworks */,
				B83C93685E78066B7A6BD0F1 /* [CP] Copy Pods Resources */,
			);
			buildRules = (
			);
			dependencies = (
				26970ED72375EF3800BE6961 /* PBXTargetDependency */,
			);
			name = "Dott-testTests";
			productName = "Dott-testTests";
			productReference = 26970ED52375EF3800BE6961 /* Dott-testTests.xctest */;
			productType = "com.apple.product-type.bundle.unit-test";
		};
		26970EDF2375EF3800BE6961 /* Dott-testUITests */ = {
			isa = PBXNativeTarget;
			buildConfigurationList = 26970EEF2375EF3800BE6961 /* Build configuration list for PBXNativeTarget "Dott-testUITests" */;
			buildPhases = (
				26970EDC2375EF3800BE6961 /* Sources */,
				26970EDD2375EF3800BE6961 /* Frameworks */,
				26970EDE2375EF3800BE6961 /* Resources */,
			);
			buildRules = (
			);
			dependencies = (
				26970EE22375EF3800BE6961 /* PBXTargetDependency */,
			);
			name = "Dott-testUITests";
			productName = "Dott-testUITests";
			productReference = 26970EE02375EF3800BE6961 /* Dott-testUITests.xctest */;
			productType = "com.apple.product-type.bundle.ui-testing";
		};
/* End PBXNativeTarget section */

/* Begin PBXProject section */
		26970EB42375EF3200BE6961 /* Project object */ = {
			isa = PBXProject;
			attributes = {
				LastSwiftUpdateCheck = 1110;
				LastUpgradeCheck = 1110;
				ORGANIZATIONNAME = "Damir Ramich";
				TargetAttributes = {
					26970EBB2375EF3200BE6961 = {
						CreatedOnToolsVersion = 11.1;
					};
					26970ED42375EF3800BE6961 = {
						CreatedOnToolsVersion = 11.1;
						TestTargetID = 26970EBB2375EF3200BE6961;
					};
					26970EDF2375EF3800BE6961 = {
						CreatedOnToolsVersion = 11.1;
						TestTargetID = 26970EBB2375EF3200BE6961;
					};
				};
			};
			buildConfigurationList = 26970EB72375EF3200BE6961 /* Build configuration list for PBXProject "Dott-test" */;
			compatibilityVersion = "Xcode 9.3";
			developmentRegion = en;
			hasScannedForEncodings = 0;
			knownRegions = (
				en,
				Base,
			);
			mainGroup = 26970EB32375EF3200BE6961;
			productRefGroup = 26970EBD2375EF3200BE6961 /* Products */;
			projectDirPath = "";
			projectRoot = "";
			targets = (
				26970EBB2375EF3200BE6961 /* Dott-test */,
				26970ED42375EF3800BE6961 /* Dott-testTests */,
				26970EDF2375EF3800BE6961 /* Dott-testUITests */,
			);
		};
/* End PBXProject section */

/* Begin PBXResourcesBuildPhase section */
		26970EBA2375EF3200BE6961 /* Resources */ = {
			isa = PBXResourcesBuildPhase;
			buildActionMask = 2147483647;
			files = (
				26970ECF2375EF3800BE6961 /* LaunchScreen.storyboard in Resources */,
				26970ECC2375EF3800BE6961 /* Assets.xcassets in Resources */,
				26970EC72375EF3200BE6961 /* Main.storyboard in Resources */,
				26AB049323789F080082EAD6 /* MarkerInfoWindow.xib in Resources */,
			);
			runOnlyForDeploymentPostprocessing = 0;
		};
		26970ED32375EF3800BE6961 /* Resources */ = {
			isa = PBXResourcesBuildPhase;
			buildActionMask = 2147483647;
			files = (
			);
			runOnlyForDeploymentPostprocessing = 0;
		};
		26970EDE2375EF3800BE6961 /* Resources */ = {
			isa = PBXResourcesBuildPhase;
			buildActionMask = 2147483647;
			files = (
			);
			runOnlyForDeploymentPostprocessing = 0;
		};
/* End PBXResourcesBuildPhase section */

/* Begin PBXShellScriptBuildPhase section */
		06D6CE9EB4F91F9128EE8AF9 /* [CP] Embed Pods Frameworks */ = {
			isa = PBXShellScriptBuildPhase;
			buildActionMask = 2147483647;
			files = (
			);
			inputFileListPaths = (
				"${PODS_ROOT}/Target Support Files/Pods-Dott-test/Pods-Dott-test-frameworks-${CONFIGURATION}-input-files.xcfilelist",
			);
			name = "[CP] Embed Pods Frameworks";
			outputFileListPaths = (
				"${PODS_ROOT}/Target Support Files/Pods-Dott-test/Pods-Dott-test-frameworks-${CONFIGURATION}-output-files.xcfilelist",
			);
			runOnlyForDeploymentPostprocessing = 0;
			shellPath = /bin/sh;
			shellScript = "\"${PODS_ROOT}/Target Support Files/Pods-Dott-test/Pods-Dott-test-frameworks.sh\"\n";
			showEnvVarsInLog = 0;
		};
		3713F0EA5D8AAFA1ED5A837C /* [CP] Embed Pods Frameworks */ = {
			isa = PBXShellScriptBuildPhase;
			buildActionMask = 2147483647;
			files = (
			);
			inputFileListPaths = (
				"${PODS_ROOT}/Target Support Files/Pods-Dott-testTests/Pods-Dott-testTests-frameworks-${CONFIGURATION}-input-files.xcfilelist",
			);
			name = "[CP] Embed Pods Frameworks";
			outputFileListPaths = (
				"${PODS_ROOT}/Target Support Files/Pods-Dott-testTests/Pods-Dott-testTests-frameworks-${CONFIGURATION}-output-files.xcfilelist",
			);
			runOnlyForDeploymentPostprocessing = 0;
			shellPath = /bin/sh;
			shellScript = "\"${PODS_ROOT}/Target Support Files/Pods-Dott-testTests/Pods-Dott-testTests-frameworks.sh\"\n";
			showEnvVarsInLog = 0;
		};
		960000518F7BA2EA222F2775 /* [CP] Copy Pods Resources */ = {
			isa = PBXShellScriptBuildPhase;
			buildActionMask = 2147483647;
			files = (
			);
			inputFileListPaths = (
				"${PODS_ROOT}/Target Support Files/Pods-Dott-test/Pods-Dott-test-resources-${CONFIGURATION}-input-files.xcfilelist",
			);
			name = "[CP] Copy Pods Resources";
			outputFileListPaths = (
				"${PODS_ROOT}/Target Support Files/Pods-Dott-test/Pods-Dott-test-resources-${CONFIGURATION}-output-files.xcfilelist",
			);
			runOnlyForDeploymentPostprocessing = 0;
			shellPath = /bin/sh;
			shellScript = "\"${PODS_ROOT}/Target Support Files/Pods-Dott-test/Pods-Dott-test-resources.sh\"\n";
			showEnvVarsInLog = 0;
		};
		A45D73C09B071EB9582EB984 /* [CP] Check Pods Manifest.lock */ = {
			isa = PBXShellScriptBuildPhase;
			buildActionMask = 2147483647;
			files = (
			);
			inputFileListPaths = (
			);
			inputPaths = (
				"${PODS_PODFILE_DIR_PATH}/Podfile.lock",
				"${PODS_ROOT}/Manifest.lock",
			);
			name = "[CP] Check Pods Manifest.lock";
			outputFileListPaths = (
			);
			outputPaths = (
				"$(DERIVED_FILE_DIR)/Pods-Dott-testTests-checkManifestLockResult.txt",
			);
			runOnlyForDeploymentPostprocessing = 0;
			shellPath = /bin/sh;
			shellScript = "diff \"${PODS_PODFILE_DIR_PATH}/Podfile.lock\" \"${PODS_ROOT}/Manifest.lock\" > /dev/null\nif [ $? != 0 ] ; then\n    # print error to STDERR\n    echo \"error: The sandbox is not in sync with the Podfile.lock. Run 'pod install' or update your CocoaPods installation.\" >&2\n    exit 1\nfi\n# This output is used by Xcode 'outputs' to avoid re-running this script phase.\necho \"SUCCESS\" > \"${SCRIPT_OUTPUT_FILE_0}\"\n";
			showEnvVarsInLog = 0;
		};
		B83C93685E78066B7A6BD0F1 /* [CP] Copy Pods Resources */ = {
			isa = PBXShellScriptBuildPhase;
			buildActionMask = 2147483647;
			files = (
			);
			inputFileListPaths = (
				"${PODS_ROOT}/Target Support Files/Pods-Dott-testTests/Pods-Dott-testTests-resources-${CONFIGURATION}-input-files.xcfilelist",
			);
			name = "[CP] Copy Pods Resources";
			outputFileListPaths = (
				"${PODS_ROOT}/Target Support Files/Pods-Dott-testTests/Pods-Dott-testTests-resources-${CONFIGURATION}-output-files.xcfilelist",
			);
			runOnlyForDeploymentPostprocessing = 0;
			shellPath = /bin/sh;
			shellScript = "\"${PODS_ROOT}/Target Support Files/Pods-Dott-testTests/Pods-Dott-testTests-resources.sh\"\n";
			showEnvVarsInLog = 0;
		};
		BB6D6BEB4EE826D1DDC869DA /* [CP] Check Pods Manifest.lock */ = {
			isa = PBXShellScriptBuildPhase;
			buildActionMask = 2147483647;
			files = (
			);
			inputFileListPaths = (
			);
			inputPaths = (
				"${PODS_PODFILE_DIR_PATH}/Podfile.lock",
				"${PODS_ROOT}/Manifest.lock",
			);
			name = "[CP] Check Pods Manifest.lock";
			outputFileListPaths = (
			);
			outputPaths = (
				"$(DERIVED_FILE_DIR)/Pods-Dott-test-checkManifestLockResult.txt",
			);
			runOnlyForDeploymentPostprocessing = 0;
			shellPath = /bin/sh;
			shellScript = "diff \"${PODS_PODFILE_DIR_PATH}/Podfile.lock\" \"${PODS_ROOT}/Manifest.lock\" > /dev/null\nif [ $? != 0 ] ; then\n    # print error to STDERR\n    echo \"error: The sandbox is not in sync with the Podfile.lock. Run 'pod install' or update your CocoaPods installation.\" >&2\n    exit 1\nfi\n# This output is used by Xcode 'outputs' to avoid re-running this script phase.\necho \"SUCCESS\" > \"${SCRIPT_OUTPUT_FILE_0}\"\n";
			showEnvVarsInLog = 0;
		};
/* End PBXShellScriptBuildPhase section */

/* Begin PBXSourcesBuildPhase section */
		26970EB82375EF3200BE6961 /* Sources */ = {
			isa = PBXSourcesBuildPhase;
			buildActionMask = 2147483647;
			files = (
				2644E33E2376007500C94D95 /* LabeledLatLngs.swift in Sources */,
				26AB049123789A460082EAD6 /* DateExtension.swift in Sources */,
				2644E35A2376C08F00C94D95 /* MapView.swift in Sources */,
				2644E3462376132B00C94D95 /* VenueViewModel.swift in Sources */,
				26970ECA2375EF3200BE6961 /* Dott_test.xcdatamodeld in Sources */,
				2644E33F2376007500C94D95 /* Location.swift in Sources */,
				2644E3562376315400C94D95 /* Response.swift in Sources */,
				2644E34E2376214300C94D95 /* Bindable.swift in Sources */,
				2644E3412376007500C94D95 /* Json4Swift_Base.swift in Sources */,
				2644E3402376007500C94D95 /* Icon.swift in Sources */,
				2644E3582376331300C94D95 /* Venue.swift in Sources */,
				2644E3422376007500C94D95 /* Categories.swift in Sources */,
				26970EC02375EF3200BE6961 /* AppDelegate.swift in Sources */,
				2644E3442376033800C94D95 /* Environments.swift in Sources */,
				26970EC22375EF3200BE6961 /* SceneDelegate.swift in Sources */,
				2644E3342375FBC700C94D95 /* ApiClient.swift in Sources */,
				26AB04972378D2BB0082EAD6 /* StringExtension.swift in Sources */,
				26AB049523789F730082EAD6 /* CustomInfoWindow.swift in Sources */,
				268782C22376CB47009CA443 /* MapViewController.swift in Sources */,
			);
			runOnlyForDeploymentPostprocessing = 0;
		};
		26970ED12375EF3800BE6961 /* Sources */ = {
			isa = PBXSourcesBuildPhase;
			buildActionMask = 2147483647;
			files = (
				26AB04992378E4250082EAD6 /* ResponseTests.swift in Sources */,
				26970EDA2375EF3800BE6961 /* Dott_testTests.swift in Sources */,
			);
			runOnlyForDeploymentPostprocessing = 0;
		};
		26970EDC2375EF3800BE6961 /* Sources */ = {
			isa = PBXSourcesBuildPhase;
			buildActionMask = 2147483647;
			files = (
				26970EE52375EF3800BE6961 /* Dott_testUITests.swift in Sources */,
			);
			runOnlyForDeploymentPostprocessing = 0;
		};
/* End PBXSourcesBuildPhase section */

/* Begin PBXTargetDependency section */
		26970ED72375EF3800BE6961 /* PBXTargetDependency */ = {
			isa = PBXTargetDependency;
			target = 26970EBB2375EF3200BE6961 /* Dott-test */;
			targetProxy = 26970ED62375EF3800BE6961 /* PBXContainerItemProxy */;
		};
		26970EE22375EF3800BE6961 /* PBXTargetDependency */ = {
			isa = PBXTargetDependency;
			target = 26970EBB2375EF3200BE6961 /* Dott-test */;
			targetProxy = 26970EE12375EF3800BE6961 /* PBXContainerItemProxy */;
		};
/* End PBXTargetDependency section */

/* Begin PBXVariantGroup section */
		26970EC52375EF3200BE6961 /* Main.storyboard */ = {
			isa = PBXVariantGroup;
			children = (
				26970EC62375EF3200BE6961 /* Base */,
			);
			name = Main.storyboard;
			sourceTree = "<group>";
		};
		26970ECD2375EF3800BE6961 /* LaunchScreen.storyboard */ = {
			isa = PBXVariantGroup;
			children = (
				26970ECE2375EF3800BE6961 /* Base */,
			);
			name = LaunchScreen.storyboard;
			sourceTree = "<group>";
		};
/* End PBXVariantGroup section */

/* Begin XCBuildConfiguration section */
		26970EE72375EF3800BE6961 /* Debug */ = {
			isa = XCBuildConfiguration;
			buildSettings = {
				ALWAYS_SEARCH_USER_PATHS = NO;
				CLANG_ANALYZER_NONNULL = YES;
				CLANG_ANALYZER_NUMBER_OBJECT_CONVERSION = YES_AGGRESSIVE;
				CLANG_CXX_LANGUAGE_STANDARD = "gnu++14";
				CLANG_CXX_LIBRARY = "libc++";
				CLANG_ENABLE_MODULES = YES;
				CLANG_ENABLE_OBJC_ARC = YES;
				CLANG_ENABLE_OBJC_WEAK = YES;
				CLANG_WARN_BLOCK_CAPTURE_AUTORELEASING = YES;
				CLANG_WARN_BOOL_CONVERSION = YES;
				CLANG_WARN_COMMA = YES;
				CLANG_WARN_CONSTANT_CONVERSION = YES;
				CLANG_WARN_DEPRECATED_OBJC_IMPLEMENTATIONS = YES;
				CLANG_WARN_DIRECT_OBJC_ISA_USAGE = YES_ERROR;
				CLANG_WARN_DOCUMENTATION_COMMENTS = YES;
				CLANG_WARN_EMPTY_BODY = YES;
				CLANG_WARN_ENUM_CONVERSION = YES;
				CLANG_WARN_INFINITE_RECURSION = YES;
				CLANG_WARN_INT_CONVERSION = YES;
				CLANG_WARN_NON_LITERAL_NULL_CONVERSION = YES;
				CLANG_WARN_OBJC_IMPLICIT_RETAIN_SELF = YES;
				CLANG_WARN_OBJC_LITERAL_CONVERSION = YES;
				CLANG_WARN_OBJC_ROOT_CLASS = YES_ERROR;
				CLANG_WARN_RANGE_LOOP_ANALYSIS = YES;
				CLANG_WARN_STRICT_PROTOTYPES = YES;
				CLANG_WARN_SUSPICIOUS_MOVE = YES;
				CLANG_WARN_UNGUARDED_AVAILABILITY = YES_AGGRESSIVE;
				CLANG_WARN_UNREACHABLE_CODE = YES;
				CLANG_WARN__DUPLICATE_METHOD_MATCH = YES;
				COPY_PHASE_STRIP = NO;
				DEBUG_INFORMATION_FORMAT = dwarf;
				ENABLE_STRICT_OBJC_MSGSEND = YES;
				ENABLE_TESTABILITY = YES;
				GCC_C_LANGUAGE_STANDARD = gnu11;
				GCC_DYNAMIC_NO_PIC = NO;
				GCC_NO_COMMON_BLOCKS = YES;
				GCC_OPTIMIZATION_LEVEL = 0;
				GCC_PREPROCESSOR_DEFINITIONS = (
					"DEBUG=1",
					"$(inherited)",
				);
				GCC_WARN_64_TO_32_BIT_CONVERSION = YES;
				GCC_WARN_ABOUT_RETURN_TYPE = YES_ERROR;
				GCC_WARN_UNDECLARED_SELECTOR = YES;
				GCC_WARN_UNINITIALIZED_AUTOS = YES_AGGRESSIVE;
				GCC_WARN_UNUSED_FUNCTION = YES;
				GCC_WARN_UNUSED_VARIABLE = YES;
				IPHONEOS_DEPLOYMENT_TARGET = 13.1;
				MTL_ENABLE_DEBUG_INFO = INCLUDE_SOURCE;
				MTL_FAST_MATH = YES;
				ONLY_ACTIVE_ARCH = YES;
				SDKROOT = iphoneos;
				SWIFT_ACTIVE_COMPILATION_CONDITIONS = DEBUG;
				SWIFT_OPTIMIZATION_LEVEL = "-Onone";
			};
			name = Debug;
		};
		26970EE82375EF3800BE6961 /* Release */ = {
			isa = XCBuildConfiguration;
			buildSettings = {
				ALWAYS_SEARCH_USER_PATHS = NO;
				CLANG_ANALYZER_NONNULL = YES;
				CLANG_ANALYZER_NUMBER_OBJECT_CONVERSION = YES_AGGRESSIVE;
				CLANG_CXX_LANGUAGE_STANDARD = "gnu++14";
				CLANG_CXX_LIBRARY = "libc++";
				CLANG_ENABLE_MODULES = YES;
				CLANG_ENABLE_OBJC_ARC = YES;
				CLANG_ENABLE_OBJC_WEAK = YES;
				CLANG_WARN_BLOCK_CAPTURE_AUTORELEASING = YES;
				CLANG_WARN_BOOL_CONVERSION = YES;
				CLANG_WARN_COMMA = YES;
				CLANG_WARN_CONSTANT_CONVERSION = YES;
				CLANG_WARN_DEPRECATED_OBJC_IMPLEMENTATIONS = YES;
				CLANG_WARN_DIRECT_OBJC_ISA_USAGE = YES_ERROR;
				CLANG_WARN_DOCUMENTATION_COMMENTS = YES;
				CLANG_WARN_EMPTY_BODY = YES;
				CLANG_WARN_ENUM_CONVERSION = YES;
				CLANG_WARN_INFINITE_RECURSION = YES;
				CLANG_WARN_INT_CONVERSION = YES;
				CLANG_WARN_NON_LITERAL_NULL_CONVERSION = YES;
				CLANG_WARN_OBJC_IMPLICIT_RETAIN_SELF = YES;
				CLANG_WARN_OBJC_LITERAL_CONVERSION = YES;
				CLANG_WARN_OBJC_ROOT_CLASS = YES_ERROR;
				CLANG_WARN_RANGE_LOOP_ANALYSIS = YES;
				CLANG_WARN_STRICT_PROTOTYPES = YES;
				CLANG_WARN_SUSPICIOUS_MOVE = YES;
				CLANG_WARN_UNGUARDED_AVAILABILITY = YES_AGGRESSIVE;
				CLANG_WARN_UNREACHABLE_CODE = YES;
				CLANG_WARN__DUPLICATE_METHOD_MATCH = YES;
				COPY_PHASE_STRIP = NO;
				DEBUG_INFORMATION_FORMAT = "dwarf-with-dsym";
				ENABLE_NS_ASSERTIONS = NO;
				ENABLE_STRICT_OBJC_MSGSEND = YES;
				GCC_C_LANGUAGE_STANDARD = gnu11;
				GCC_NO_COMMON_BLOCKS = YES;
				GCC_WARN_64_TO_32_BIT_CONVERSION = YES;
				GCC_WARN_ABOUT_RETURN_TYPE = YES_ERROR;
				GCC_WARN_UNDECLARED_SELECTOR = YES;
				GCC_WARN_UNINITIALIZED_AUTOS = YES_AGGRESSIVE;
				GCC_WARN_UNUSED_FUNCTION = YES;
				GCC_WARN_UNUSED_VARIABLE = YES;
				IPHONEOS_DEPLOYMENT_TARGET = 13.1;
				MTL_ENABLE_DEBUG_INFO = NO;
				MTL_FAST_MATH = YES;
				SDKROOT = iphoneos;
				SWIFT_COMPILATION_MODE = wholemodule;
				SWIFT_OPTIMIZATION_LEVEL = "-O";
				VALIDATE_PRODUCT = YES;
			};
			name = Release;
		};
		26970EEA2375EF3800BE6961 /* Debug */ = {
			isa = XCBuildConfiguration;
			baseConfigurationReference = 5F3AE7B9EBED06386D550B6B /* Pods-Dott-test.debug.xcconfig */;
			buildSettings = {
				ASSETCATALOG_COMPILER_APPICON_NAME = AppIcon;
				CODE_SIGN_STYLE = Automatic;
				DEVELOPMENT_TEAM = V22WVYK73P;
				INFOPLIST_FILE = "Dott-test/Info.plist";
				LD_RUNPATH_SEARCH_PATHS = (
					"$(inherited)",
					"@executable_path/Frameworks",
				);
				PRODUCT_BUNDLE_IDENTIFIER = "dott-test.com.assignment.Dott-test";
				PRODUCT_NAME = "$(TARGET_NAME)";
				SWIFT_VERSION = 5.0;
				TARGETED_DEVICE_FAMILY = "1,2";
			};
			name = Debug;
		};
		26970EEB2375EF3800BE6961 /* Release */ = {
			isa = XCBuildConfiguration;
			baseConfigurationReference = C0B96A7613EDD596672CE4EA /* Pods-Dott-test.release.xcconfig */;
			buildSettings = {
				ASSETCATALOG_COMPILER_APPICON_NAME = AppIcon;
				CODE_SIGN_STYLE = Automatic;
				DEVELOPMENT_TEAM = V22WVYK73P;
				INFOPLIST_FILE = "Dott-test/Info.plist";
				LD_RUNPATH_SEARCH_PATHS = (
					"$(inherited)",
					"@executable_path/Frameworks",
				);
				PRODUCT_BUNDLE_IDENTIFIER = "dott-test.com.assignment.Dott-test";
				PRODUCT_NAME = "$(TARGET_NAME)";
				SWIFT_VERSION = 5.0;
				TARGETED_DEVICE_FAMILY = "1,2";
			};
			name = Release;
		};
		26970EED2375EF3800BE6961 /* Debug */ = {
			isa = XCBuildConfiguration;
			baseConfigurationReference = 68AA8CD8EEAEEE98C5B209F8 /* Pods-Dott-testTests.debug.xcconfig */;
			buildSettings = {
				ALWAYS_EMBED_SWIFT_STANDARD_LIBRARIES = YES;
				BUNDLE_LOADER = "$(TEST_HOST)";
				CODE_SIGN_STYLE = Automatic;
				DEVELOPMENT_TEAM = V22WVYK73P;
				INFOPLIST_FILE = "Dott-testTests/Info.plist";
				IPHONEOS_DEPLOYMENT_TARGET = 13.1;
				LD_RUNPATH_SEARCH_PATHS = (
					"$(inherited)",
					"@executable_path/Frameworks",
					"@loader_path/Frameworks",
				);
				PRODUCT_BUNDLE_IDENTIFIER = "dott-test.com.assignment.Dott-testTests";
				PRODUCT_NAME = "$(TARGET_NAME)";
				SWIFT_VERSION = 5.0;
				TARGETED_DEVICE_FAMILY = "1,2";
				TEST_HOST = "$(BUILT_PRODUCTS_DIR)/Dott-test.app/Dott-test";
			};
			name = Debug;
		};
		26970EEE2375EF3800BE6961 /* Release */ = {
			isa = XCBuildConfiguration;
			baseConfigurationReference = 4325FAF3C89E139C01EFD48E /* Pods-Dott-testTests.release.xcconfig */;
			buildSettings = {
				ALWAYS_EMBED_SWIFT_STANDARD_LIBRARIES = YES;
				BUNDLE_LOADER = "$(TEST_HOST)";
				CODE_SIGN_STYLE = Automatic;
				DEVELOPMENT_TEAM = V22WVYK73P;
				INFOPLIST_FILE = "Dott-testTests/Info.plist";
				IPHONEOS_DEPLOYMENT_TARGET = 13.1;
				LD_RUNPATH_SEARCH_PATHS = (
					"$(inherited)",
					"@executable_path/Frameworks",
					"@loader_path/Frameworks",
				);
				PRODUCT_BUNDLE_IDENTIFIER = "dott-test.com.assignment.Dott-testTests";
				PRODUCT_NAME = "$(TARGET_NAME)";
				SWIFT_VERSION = 5.0;
				TARGETED_DEVICE_FAMILY = "1,2";
				TEST_HOST = "$(BUILT_PRODUCTS_DIR)/Dott-test.app/Dott-test";
			};
			name = Release;
		};
		26970EF02375EF3800BE6961 /* Debug */ = {
			isa = XCBuildConfiguration;
			buildSettings = {
				ALWAYS_EMBED_SWIFT_STANDARD_LIBRARIES = YES;
				CODE_SIGN_STYLE = Automatic;
				DEVELOPMENT_TEAM = V22WVYK73P;
				INFOPLIST_FILE = "Dott-testUITests/Info.plist";
				LD_RUNPATH_SEARCH_PATHS = (
					"$(inherited)",
					"@executable_path/Frameworks",
					"@loader_path/Frameworks",
				);
				PRODUCT_BUNDLE_IDENTIFIER = "dott-test.com.assignment.Dott-testUITests";
				PRODUCT_NAME = "$(TARGET_NAME)";
				SWIFT_VERSION = 5.0;
				TARGETED_DEVICE_FAMILY = "1,2";
				TEST_TARGET_NAME = "Dott-test";
			};
			name = Debug;
		};
		26970EF12375EF3800BE6961 /* Release */ = {
			isa = XCBuildConfiguration;
			buildSettings = {
				ALWAYS_EMBED_SWIFT_STANDARD_LIBRARIES = YES;
				CODE_SIGN_STYLE = Automatic;
				DEVELOPMENT_TEAM = V22WVYK73P;
				INFOPLIST_FILE = "Dott-testUITests/Info.plist";
				LD_RUNPATH_SEARCH_PATHS = (
					"$(inherited)",
					"@executable_path/Frameworks",
					"@loader_path/Frameworks",
				);
				PRODUCT_BUNDLE_IDENTIFIER = "dott-test.com.assignment.Dott-testUITests";
				PRODUCT_NAME = "$(TARGET_NAME)";
				SWIFT_VERSION = 5.0;
				TARGETED_DEVICE_FAMILY = "1,2";
				TEST_TARGET_NAME = "Dott-test";
			};
			name = Release;
		};
/* End XCBuildConfiguration section */

/* Begin XCConfigurationList section */
		26970EB72375EF3200BE6961 /* Build configuration list for PBXProject "Dott-test" */ = {
			isa = XCConfigurationList;
			buildConfigurations = (
				26970EE72375EF3800BE6961 /* Debug */,
				26970EE82375EF3800BE6961 /* Release */,
			);
			defaultConfigurationIsVisible = 0;
			defaultConfigurationName = Release;
		};
		26970EE92375EF3800BE6961 /* Build configuration list for PBXNativeTarget "Dott-test" */ = {
			isa = XCConfigurationList;
			buildConfigurations = (
				26970EEA2375EF3800BE6961 /* Debug */,
				26970EEB2375EF3800BE6961 /* Release */,
			);
			defaultConfigurationIsVisible = 0;
			defaultConfigurationName = Release;
		};
		26970EEC2375EF3800BE6961 /* Build configuration list for PBXNativeTarget "Dott-testTests" */ = {
			isa = XCConfigurationList;
			buildConfigurations = (
				26970EED2375EF3800BE6961 /* Debug */,
				26970EEE2375EF3800BE6961 /* Release */,
			);
			defaultConfigurationIsVisible = 0;
			defaultConfigurationName = Release;
		};
		26970EEF2375EF3800BE6961 /* Build configuration list for PBXNativeTarget "Dott-testUITests" */ = {
			isa = XCConfigurationList;
			buildConfigurations = (
				26970EF02375EF3800BE6961 /* Debug */,
				26970EF12375EF3800BE6961 /* Release */,
			);
			defaultConfigurationIsVisible = 0;
			defaultConfigurationName = Release;
		};
/* End XCConfigurationList section */

/* Begin XCVersionGroup section */
		26970EC82375EF3200BE6961 /* Dott_test.xcdatamodeld */ = {
			isa = XCVersionGroup;
			children = (
				26970EC92375EF3200BE6961 /* Dott_test.xcdatamodel */,
			);
			currentVersion = 26970EC92375EF3200BE6961 /* Dott_test.xcdatamodel */;
			path = Dott_test.xcdatamodeld;
			sourceTree = "<group>";
			versionGroupType = wrapper.xcdatamodel;
		};
/* End XCVersionGroup section */
	};
	rootObject = 26970EB42375EF3200BE6961 /* Project object */;
}
